{
  "nodes": {
    "nixpkgs": {
      "locked": {
        "lastModified": 1736021900,
        "narHash": "sha256-pn49acHllDzLz+1wMdrm8CrtpujTofBj8U+MuUDp1lo=",
        "owner": "LunNova",
        "repo": "nixpkgs",
        "rev": "9e969682e617e2226edd7c60075e1bf9d3b95d73",
        "type": "github"
      },
      "original": {
        "owner": "LunNova",
        "ref": "rocm-update",
        "repo": "nixpkgs",
        "type": "github"
      }
    },
    "root": {
      "inputs": {
        "nixpkgs": "nixpkgs"
      }
    }
  },
  "root": "root",
  "version": 7
}
