{
  "nodes": {
    "nixpkgs": {
      "locked": {
        "lastModified": 1742833557,
        "narHash": "sha256-fnfMDdq/NgywI5vwhf0gDp5fgSE0FHESZk54Ukxr8h4=",
        "owner": "LunNova",
        "repo": "nixpkgs",
        "rev": "22f36c62ba3cb2a1a0def4fdd627f1ec604a9ecb",
        "type": "github"
      },
      "original": {
        "owner": "LunNova",
        "ref": "rocm-update",
        "repo": "nixpkgs",
        "type": "github"
      }
    },
    "root": {
      "inputs": {
        "nixpkgs": "nixpkgs"
      }
    }
  },
  "root": "root",
  "version": 7
}
