{
  "nodes": {
    "nixpkgs": {
      "locked": {
        "lastModified": 1741021928,
        "narHash": "sha256-aOTtD4DkPiviFRtKNH/oObXZujg7tcCfPR8f48HuTm8=",
        "owner": "LunNova",
        "repo": "nixpkgs",
        "rev": "497bf52674e2587cee0b8b2b22a8706f53a2b038",
        "type": "github"
      },
      "original": {
        "owner": "LunNova",
        "ref": "rocm-update",
        "repo": "nixpkgs",
        "type": "github"
      }
    },
    "root": {
      "inputs": {
        "nixpkgs": "nixpkgs"
      }
    }
  },
  "root": "root",
  "version": 7
}
